// !$*UTF8*$!
{
	archiveVersion = 1;
	classes = {
	};
	objectVersion = 46;
	objects = {

/* Begin PBXBuildFile section */
		4CA20B7E1C21318900DA57DA /* AppDelegate.swift in Sources */ = {isa = PBXBuildFile; fileRef = 4CA20B7D1C21318900DA57DA /* AppDelegate.swift */; };
		4CA20B861C21318900DA57DA /* SimpleMoney.xcdatamodeld in Sources */ = {isa = PBXBuildFile; fileRef = 4CA20B841C21318900DA57DA /* SimpleMoney.xcdatamodeld */; };
		4CA20B881C21318900DA57DA /* Assets.xcassets in Resources */ = {isa = PBXBuildFile; fileRef = 4CA20B871C21318900DA57DA /* Assets.xcassets */; };
		4CA20B931C2133C600DA57DA /* MM.swift in Sources */ = {isa = PBXBuildFile; fileRef = 4CA20B921C2133C600DA57DA /* MM.swift */; };
		4CA20B951C2133CE00DA57DA /* Main.storyboard in Resources */ = {isa = PBXBuildFile; fileRef = 4CA20B941C2133CE00DA57DA /* Main.storyboard */; };
		4CA20B981C21340E00DA57DA /* chaChing.wav in Resources */ = {isa = PBXBuildFile; fileRef = 4CA20B971C21340E00DA57DA /* chaChing.wav */; };
		4CA20B9A1C21345D00DA57DA /* LaunchScreen.storyboard in Resources */ = {isa = PBXBuildFile; fileRef = 4CA20B991C21345D00DA57DA /* LaunchScreen.storyboard */; };
		4CA20B9D1C213E5A00DA57DA /* success-next-button.png in Resources */ = {isa = PBXBuildFile; fileRef = 4CA20B9C1C213E5A00DA57DA /* success-next-button.png */; };
/* End PBXBuildFile section */

/* Begin PBXFileReference section */
		4CA20B7A1C21318900DA57DA /* SimpleMoney.app */ = {isa = PBXFileReference; explicitFileType = wrapper.application; includeInIndex = 0; path = SimpleMoney.app; sourceTree = BUILT_PRODUCTS_DIR; };
		4CA20B7D1C21318900DA57DA /* AppDelegate.swift */ = {isa = PBXFileReference; lastKnownFileType = sourcecode.swift; path = AppDelegate.swift; sourceTree = "<group>"; };
		4CA20B851C21318900DA57DA /* SimpleMoney.xcdatamodel */ = {isa = PBXFileReference; lastKnownFileType = wrapper.xcdatamodel; path = SimpleMoney.xcdatamodel; sourceTree = "<group>"; };
		4CA20B871C21318900DA57DA /* Assets.xcassets */ = {isa = PBXFileReference; lastKnownFileType = folder.assetcatalog; path = Assets.xcassets; sourceTree = "<group>"; };
		4CA20B8C1C21318900DA57DA /* Info.plist */ = {isa = PBXFileReference; lastKnownFileType = text.plist.xml; path = Info.plist; sourceTree = "<group>"; };
		4CA20B921C2133C600DA57DA /* MM.swift */ = {isa = PBXFileReference; fileEncoding = 4; lastKnownFileType = sourcecode.swift; path = MM.swift; sourceTree = "<group>"; };
		4CA20B941C2133CE00DA57DA /* Main.storyboard */ = {isa = PBXFileReference; fileEncoding = 4; lastKnownFileType = file.storyboard; path = Main.storyboard; sourceTree = "<group>"; };
		4CA20B971C21340E00DA57DA /* chaChing.wav */ = {isa = PBXFileReference; lastKnownFileType = audio.wav; path = chaChing.wav; sourceTree = "<group>"; };
		4CA20B991C21345D00DA57DA /* LaunchScreen.storyboard */ = {isa = PBXFileReference; fileEncoding = 4; lastKnownFileType = file.storyboard; path = LaunchScreen.storyboard; sourceTree = "<group>"; };
		4CA20B9C1C213E5A00DA57DA /* success-next-button.png */ = {isa = PBXFileReference; lastKnownFileType = image.png; path = "success-next-button.png"; sourceTree = "<group>"; };
/* End PBXFileReference section */

/* Begin PBXFrameworksBuildPhase section */
		4CA20B771C21318900DA57DA /* Frameworks */ = {
			isa = PBXFrameworksBuildPhase;
			buildActionMask = 2147483647;
			files = (
			);
			runOnlyForDeploymentPostprocessing = 0;
		};
/* End PBXFrameworksBuildPhase section */

/* Begin PBXGroup section */
		4CA20B711C21318900DA57DA = {
			isa = PBXGroup;
			children = (
				4CA20B7C1C21318900DA57DA /* SimpleMoney */,
				4CA20B7B1C21318900DA57DA /* Products */,
			);
			sourceTree = "<group>";
		};
		4CA20B7B1C21318900DA57DA /* Products */ = {
			isa = PBXGroup;
			children = (
				4CA20B7A1C21318900DA57DA /* SimpleMoney.app */,
			);
			name = Products;
			sourceTree = "<group>";
		};
		4CA20B7C1C21318900DA57DA /* SimpleMoney */ = {
			isa = PBXGroup;
			children = (
				4CA20B921C2133C600DA57DA /* MM.swift */,
				4CA20B941C2133CE00DA57DA /* Main.storyboard */,
				4CA20B991C21345D00DA57DA /* LaunchScreen.storyboard */,
				4CA20B9B1C21346D00DA57DA /* Sounds */,
				4CA20B961C2133E100DA57DA /* Misc */,
			);
			path = SimpleMoney;
			sourceTree = "<group>";
		};
		4CA20B961C2133E100DA57DA /* Misc */ = {
			isa = PBXGroup;
			children = (
				4CA20B9C1C213E5A00DA57DA /* success-next-button.png */,
				4CA20B7D1C21318900DA57DA /* AppDelegate.swift */,
				4CA20B871C21318900DA57DA /* Assets.xcassets */,
				4CA20B8C1C21318900DA57DA /* Info.plist */,
				4CA20B841C21318900DA57DA /* SimpleMoney.xcdatamodeld */,
			);
			name = Misc;
			sourceTree = "<group>";
		};
		4CA20B9B1C21346D00DA57DA /* Sounds */ = {
			isa = PBXGroup;
			children = (
				4CA20B971C21340E00DA57DA /* chaChing.wav */,
			);
			name = Sounds;
			sourceTree = "<group>";
		};
/* End PBXGroup section */

/* Begin PBXNativeTarget section */
		4CA20B791C21318900DA57DA /* SimpleMoney */ = {
			isa = PBXNativeTarget;
			buildConfigurationList = 4CA20B8F1C21318900DA57DA /* Build configuration list for PBXNativeTarget "SimpleMoney" */;
			buildPhases = (
				4CA20B761C21318900DA57DA /* Sources */,
				4CA20B771C21318900DA57DA /* Frameworks */,
				4CA20B781C21318900DA57DA /* Resources */,
			);
			buildRules = (
			);
			dependencies = (
			);
			name = SimpleMoney;
			productName = SimpleMoney;
			productReference = 4CA20B7A1C21318900DA57DA /* SimpleMoney.app */;
			productType = "com.apple.product-type.application";
		};
/* End PBXNativeTarget section */

/* Begin PBXProject section */
		4CA20B721C21318900DA57DA /* Project object */ = {
			isa = PBXProject;
			attributes = {
				LastSwiftUpdateCheck = 0720;
				LastUpgradeCheck = 0720;
				ORGANIZATIONNAME = "Michael Reynolds";
				TargetAttributes = {
					4CA20B791C21318900DA57DA = {
						CreatedOnToolsVersion = 7.2;
						DevelopmentTeam = 32355P55NQ;
					};
				};
			};
			buildConfigurationList = 4CA20B751C21318900DA57DA /* Build configuration list for PBXProject "SimpleMoney" */;
			compatibilityVersion = "Xcode 3.2";
			developmentRegion = English;
			hasScannedForEncodings = 0;
			knownRegions = (
				en,
				Base,
			);
			mainGroup = 4CA20B711C21318900DA57DA;
			productRefGroup = 4CA20B7B1C21318900DA57DA /* Products */;
			projectDirPath = "";
			projectRoot = "";
			targets = (
				4CA20B791C21318900DA57DA /* SimpleMoney */,
			);
		};
/* End PBXProject section */

/* Begin PBXResourcesBuildPhase section */
		4CA20B781C21318900DA57DA /* Resources */ = {
			isa = PBXResourcesBuildPhase;
			buildActionMask = 2147483647;
			files = (
				4CA20B981C21340E00DA57DA /* chaChing.wav in Resources */,
				4CA20B881C21318900DA57DA /* Assets.xcassets in Resources */,
				4CA20B9A1C21345D00DA57DA /* LaunchScreen.storyboard in Resources */,
				4CA20B9D1C213E5A00DA57DA /* success-next-button.png in Resources */,
				4CA20B951C2133CE00DA57DA /* Main.storyboard in Resources */,
			);
			runOnlyForDeploymentPostprocessing = 0;
		};
/* End PBXResourcesBuildPhase section */

/* Begin PBXSourcesBuildPhase section */
		4CA20B761C21318900DA57DA /* Sources */ = {
			isa = PBXSourcesBuildPhase;
			buildActionMask = 2147483647;
			files = (
				4CA20B931C2133C600DA57DA /* MM.swift in Sources */,
				4CA20B7E1C21318900DA57DA /* AppDelegate.swift in Sources */,
				4CA20B861C21318900DA57DA /* SimpleMoney.xcdatamodeld in Sources */,
			);
			runOnlyForDeploymentPostprocessing = 0;
		};
/* End PBXSourcesBuildPhase section */

/* Begin XCBuildConfiguration section */
		4CA20B8D1C21318900DA57DA /* Debug */ = {
			isa = XCBuildConfiguration;
			buildSettings = {
				ALWAYS_SEARCH_USER_PATHS = NO;
				CLANG_CXX_LANGUAGE_STANDARD = "gnu++0x";
				CLANG_CXX_LIBRARY = "libc++";
				CLANG_ENABLE_MODULES = YES;
				CLANG_ENABLE_OBJC_ARC = YES;
				CLANG_WARN_BOOL_CONVERSION = YES;
				CLANG_WARN_CONSTANT_CONVERSION = YES;
				CLANG_WARN_DIRECT_OBJC_ISA_USAGE = YES_ERROR;
				CLANG_WARN_EMPTY_BODY = YES;
				CLANG_WARN_ENUM_CONVERSION = YES;
				CLANG_WARN_INT_CONVERSION = YES;
				CLANG_WARN_OBJC_ROOT_CLASS = YES_ERROR;
				CLANG_WARN_UNREACHABLE_CODE = YES;
				CLANG_WARN__DUPLICATE_METHOD_MATCH = YES;
				"CODE_SIGN_IDENTITY[sdk=iphoneos*]" = "iPhone Developer";
				COPY_PHASE_STRIP = NO;
				DEBUG_INFORMATION_FORMAT = dwarf;
				ENABLE_STRICT_OBJC_MSGSEND = YES;
				ENABLE_TESTABILITY = YES;
				GCC_C_LANGUAGE_STANDARD = gnu99;
				GCC_DYNAMIC_NO_PIC = NO;
				GCC_NO_COMMON_BLOCKS = YES;
				GCC_OPTIMIZATION_LEVEL = 0;
				GCC_PREPROCESSOR_DEFINITIONS = (
					"DEBUG=1",
					"$(inherited)",
				);
				GCC_WARN_64_TO_32_BIT_CONVERSION = YES;
				GCC_WARN_ABOUT_RETURN_TYPE = YES_ERROR;
				GCC_WARN_UNDECLARED_SELECTOR = YES;
				GCC_WARN_UNINITIALIZED_AUTOS = YES_AGGRESSIVE;
				GCC_WARN_UNUSED_FUNCTION = YES;
				GCC_WARN_UNUSED_VARIABLE = YES;
				IPHONEOS_DEPLOYMENT_TARGET = 9.2;
				MTL_ENABLE_DEBUG_INFO = YES;
				ONLY_ACTIVE_ARCH = YES;
				SDKROOT = iphoneos;
				SWIFT_OPTIMIZATION_LEVEL = "-Onone";
			};
			name = Debug;
		};
		4CA20B8E1C21318900DA57DA /* Release */ = {
			isa = XCBuildConfiguration;
			buildSettings = {
				ALWAYS_SEARCH_USER_PATHS = NO;
				CLANG_CXX_LANGUAGE_STANDARD = "gnu++0x";
				CLANG_CXX_LIBRARY = "libc++";
				CLANG_ENABLE_MODULES = YES;
				CLANG_ENABLE_OBJC_ARC = YES;
				CLANG_WARN_BOOL_CONVERSION = YES;
				CLANG_WARN_CONSTANT_CONVERSION = YES;
				CLANG_WARN_DIRECT_OBJC_ISA_USAGE = YES_ERROR;
				CLANG_WARN_EMPTY_BODY = YES;
				CLANG_WARN_ENUM_CONVERSION = YES;
				CLANG_WARN_INT_CONVERSION = YES;
				CLANG_WARN_OBJC_ROOT_CLASS = YES_ERROR;
				CLANG_WARN_UNREACHABLE_CODE = YES;
				CLANG_WARN__DUPLICATE_METHOD_MATCH = YES;
				"CODE_SIGN_IDENTITY[sdk=iphoneos*]" = "iPhone Developer";
				COPY_PHASE_STRIP = NO;
				DEBUG_INFORMATION_FORMAT = "dwarf-with-dsym";
				ENABLE_NS_ASSERTIONS = NO;
				ENABLE_STRICT_OBJC_MSGSEND = YES;
				GCC_C_LANGUAGE_STANDARD = gnu99;
				GCC_NO_COMMON_BLOCKS = YES;
				GCC_WARN_64_TO_32_BIT_CONVERSION = YES;
				GCC_WARN_ABOUT_RETURN_TYPE = YES_ERROR;
				GCC_WARN_UNDECLARED_SELECTOR = YES;
				GCC_WARN_UNINITIALIZED_AUTOS = YES_AGGRESSIVE;
				GCC_WARN_UNUSED_FUNCTION = YES;
				GCC_WARN_UNUSED_VARIABLE = YES;
				IPHONEOS_DEPLOYMENT_TARGET = 9.2;
				MTL_ENABLE_DEBUG_INFO = NO;
				SDKROOT = iphoneos;
				VALIDATE_PRODUCT = YES;
			};
			name = Release;
		};
		4CA20B901C21318900DA57DA /* Debug */ = {
			isa = XCBuildConfiguration;
			buildSettings = {
				ASSETCATALOG_COMPILER_APPICON_NAME = AppIcon;
				INFOPLIST_FILE = SimpleMoney/Info.plist;
				LD_RUNPATH_SEARCH_PATHS = "$(inherited) @executable_path/Frameworks";
				PRODUCT_BUNDLE_IDENTIFIER = com.tiy.SimpleMoney;
				PRODUCT_NAME = "$(TARGET_NAME)";
			};
			name = Debug;
		};
		4CA20B911C21318900DA57DA /* Release */ = {
			isa = XCBuildConfiguration;
			buildSettings = {
				ASSETCATALOG_COMPILER_APPICON_NAME = AppIcon;
				INFOPLIST_FILE = SimpleMoney/Info.plist;
				LD_RUNPATH_SEARCH_PATHS = "$(inherited) @executable_path/Frameworks";
				PRODUCT_BUNDLE_IDENTIFIER = com.tiy.SimpleMoney;
				PRODUCT_NAME = "$(TARGET_NAME)";
			};
			name = Release;
		};
/* End XCBuildConfiguration section */

/* Begin XCConfigurationList section */
		4CA20B751C21318900DA57DA /* Build configuration list for PBXProject "SimpleMoney" */ = {
			isa = XCConfigurationList;
			buildConfigurations = (
				4CA20B8D1C21318900DA57DA /* Debug */,
				4CA20B8E1C21318900DA57DA /* Release */,
			);
			defaultConfigurationIsVisible = 0;
			defaultConfigurationName = Release;
		};
		4CA20B8F1C21318900DA57DA /* Build configuration list for PBXNativeTarget "SimpleMoney" */ = {
			isa = XCConfigurationList;
			buildConfigurations = (
				4CA20B901C21318900DA57DA /* Debug */,
				4CA20B911C21318900DA57DA /* Release */,
			);
			defaultConfigurationIsVisible = 0;
			defaultConfigurationName = Release;
		};
/* End XCConfigurationList section */

/* Begin XCVersionGroup section */
		4CA20B841C21318900DA57DA /* SimpleMoney.xcdatamodeld */ = {
			isa = XCVersionGroup;
			children = (
				4CA20B851C21318900DA57DA /* SimpleMoney.xcdatamodel */,
			);
			currentVersion = 4CA20B851C21318900DA57DA /* SimpleMoney.xcdatamodel */;
			path = SimpleMoney.xcdatamodeld;
			sourceTree = "<group>";
			versionGroupType = wrapper.xcdatamodel;
		};
/* End XCVersionGroup section */
	};
	rootObject = 4CA20B721C21318900DA57DA /* Project object */;
}
